// !$*UTF8*$!
{
	archiveVersion = 1;
	classes = {
	};
	objectVersion = 46;
	objects = {

/* Begin PBXBuildFile section */
		522320E015C21AEF005665B4 /* UIKit.framework in Frameworks */ = {isa = PBXBuildFile; fileRef = 522320DF15C21AEF005665B4 /* UIKit.framework */; };
		522320E215C21AEF005665B4 /* Foundation.framework in Frameworks */ = {isa = PBXBuildFile; fileRef = 522320E115C21AEF005665B4 /* Foundation.framework */; };
		522320E415C21AEF005665B4 /* CoreGraphics.framework in Frameworks */ = {isa = PBXBuildFile; fileRef = 522320E315C21AEF005665B4 /* CoreGraphics.framework */; };
		522320EA15C21AEF005665B4 /* InfoPlist.strings in Resources */ = {isa = PBXBuildFile; fileRef = 522320E815C21AEF005665B4 /* InfoPlist.strings */; };
		522320EC15C21AEF005665B4 /* main.m in Sources */ = {isa = PBXBuildFile; fileRef = 522320EB15C21AEF005665B4 /* main.m */; };
		522320F015C21AEF005665B4 /* AppDelegate.m in Sources */ = {isa = PBXBuildFile; fileRef = 522320EF15C21AEF005665B4 /* AppDelegate.m */; };
		522320F315C21AEF005665B4 /* MainStoryboard.storyboard in Resources */ = {isa = PBXBuildFile; fileRef = 522320F115C21AEF005665B4 /* MainStoryboard.storyboard */; };
		522320F615C21AEF005665B4 /* MasterViewController.m in Sources */ = {isa = PBXBuildFile; fileRef = 522320F515C21AEF005665B4 /* MasterViewController.m */; };
		522320F915C21AEF005665B4 /* DetailViewController.m in Sources */ = {isa = PBXBuildFile; fileRef = 522320F815C21AEF005665B4 /* DetailViewController.m */; };
/* End PBXBuildFile section */

/* Begin PBXFileReference section */
		522320DB15C21AEF005665B4 /* helios.app */ = {isa = PBXFileReference; explicitFileType = wrapper.application; includeInIndex = 0; path = helios.app; sourceTree = BUILT_PRODUCTS_DIR; };
		522320DF15C21AEF005665B4 /* UIKit.framework */ = {isa = PBXFileReference; lastKnownFileType = wrapper.framework; name = UIKit.framework; path = System/Library/Frameworks/UIKit.framework; sourceTree = SDKROOT; };
		522320E115C21AEF005665B4 /* Foundation.framework */ = {isa = PBXFileReference; lastKnownFileType = wrapper.framework; name = Foundation.framework; path = System/Library/Frameworks/Foundation.framework; sourceTree = SDKROOT; };
		522320E315C21AEF005665B4 /* CoreGraphics.framework */ = {isa = PBXFileReference; lastKnownFileType = wrapper.framework; name = CoreGraphics.framework; path = System/Library/Frameworks/CoreGraphics.framework; sourceTree = SDKROOT; };
		522320E715C21AEF005665B4 /* helios-Info.plist */ = {isa = PBXFileReference; path = "helios-Info.plist"; sourceTree = "<group>"; };
		522320E915C21AEF005665B4 /* en */ = {isa = PBXFileReference; lastKnownFileType = text.plist.strings; name = en; path = en.lproj/InfoPlist.strings; sourceTree = "<group>"; };
		522320EB15C21AEF005665B4 /* main.m */ = {isa = PBXFileReference; lastKnownFileType = sourcecode.c.objc; path = main.m; sourceTree = "<group>"; };
		522320ED15C21AEF005665B4 /* helios-Prefix.pch */ = {isa = PBXFileReference; path = "helios-Prefix.pch"; sourceTree = "<group>"; };
		522320EE15C21AEF005665B4 /* AppDelegate.h */ = {isa = PBXFileReference; path = AppDelegate.h; sourceTree = "<group>"; };
		522320EF15C21AEF005665B4 /* AppDelegate.m */ = {isa = PBXFileReference; lastKnownFileType = sourcecode.c.objc; path = AppDelegate.m; sourceTree = "<group>"; };
		522320F215C21AEF005665B4 /* en */ = {isa = PBXFileReference; lastKnownFileType = file.storyboard; name = en; path = en.lproj/MainStoryboard.storyboard; sourceTree = "<group>"; };
		522320F415C21AEF005665B4 /* MasterViewController.h */ = {isa = PBXFileReference; path = MasterViewController.h; sourceTree = "<group>"; };
		522320F515C21AEF005665B4 /* MasterViewController.m */ = {isa = PBXFileReference; lastKnownFileType = sourcecode.c.objc; path = MasterViewController.m; sourceTree = "<group>"; };
		522320F715C21AEF005665B4 /* DetailViewController.h */ = {isa = PBXFileReference; path = DetailViewController.h; sourceTree = "<group>"; };
		522320F815C21AEF005665B4 /* DetailViewController.m */ = {isa = PBXFileReference; lastKnownFileType = sourcecode.c.objc; path = DetailViewController.m; sourceTree = "<group>"; };
/* End PBXFileReference section */

/* Begin PBXFrameworksBuildPhase section */
		522320D815C21AEF005665B4 /* Frameworks */ = {
			isa = PBXFrameworksBuildPhase;
			buildActionMask = 2147483647;
			files = (
				522320E015C21AEF005665B4 /* UIKit.framework in Frameworks */,
				522320E215C21AEF005665B4 /* Foundation.framework in Frameworks */,
				522320E415C21AEF005665B4 /* CoreGraphics.framework in Frameworks */,
			);
			runOnlyForDeploymentPostprocessing = 0;
		};
/* End PBXFrameworksBuildPhase section */

/* Begin PBXGroup section */
		522320D015C21AEF005665B4 = {
			isa = PBXGroup;
			children = (
				522320E515C21AEF005665B4 /* helios */,
				522320DE15C21AEF005665B4 /* Frameworks */,
				522320DC15C21AEF005665B4 /* Products */,
			);
			sourceTree = "<group>";
		};
		522320DC15C21AEF005665B4 /* Products */ = {
			isa = PBXGroup;
			children = (
				522320DB15C21AEF005665B4 /* helios.app */,
			);
			name = Products;
			sourceTree = "<group>";
		};
		522320DE15C21AEF005665B4 /* Frameworks */ = {
			isa = PBXGroup;
			children = (
				522320DF15C21AEF005665B4 /* UIKit.framework */,
				522320E115C21AEF005665B4 /* Foundation.framework */,
				522320E315C21AEF005665B4 /* CoreGraphics.framework */,
			);
			name = Frameworks;
			sourceTree = "<group>";
		};
		522320E515C21AEF005665B4 /* helios */ = {
			isa = PBXGroup;
			children = (
				522320EE15C21AEF005665B4 /* AppDelegate.h */,
				522320EF15C21AEF005665B4 /* AppDelegate.m */,
				522320F115C21AEF005665B4 /* MainStoryboard.storyboard */,
				522320F415C21AEF005665B4 /* MasterViewController.h */,
				522320F515C21AEF005665B4 /* MasterViewController.m */,
				522320F715C21AEF005665B4 /* DetailViewController.h */,
				522320F815C21AEF005665B4 /* DetailViewController.m */,
				522320E615C21AEF005665B4 /* Supporting Files */,
			);
			path = helios;
			sourceTree = "<group>";
		};
		522320E615C21AEF005665B4 /* Supporting Files */ = {
			isa = PBXGroup;
			children = (
				522320E715C21AEF005665B4 /* helios-Info.plist */,
				522320E815C21AEF005665B4 /* InfoPlist.strings */,
				522320EB15C21AEF005665B4 /* main.m */,
				522320ED15C21AEF005665B4 /* helios-Prefix.pch */,
			);
			name = "Supporting Files";
			sourceTree = "<group>";
		};
/* End PBXGroup section */

/* Begin PBXNativeTarget section */
		522320DA15C21AEF005665B4 /* helios */ = {
			isa = PBXNativeTarget;
			buildConfigurationList = 522320FC15C21AEF005665B4 /* Build configuration list for PBXNativeTarget "helios" */;
			buildPhases = (
				522320D715C21AEF005665B4 /* Sources */,
				522320D815C21AEF005665B4 /* Frameworks */,
				522320D915C21AEF005665B4 /* Resources */,
			);
			buildRules = (
			);
			dependencies = (
			);
			name = helios;
			productName = helios;
			productReference = 522320DB15C21AEF005665B4 /* helios.app */;
			productType = "com.apple.product-type.application";
		};
/* End PBXNativeTarget section */

/* Begin PBXProject section */
		522320D215C21AEF005665B4 /* Project object */ = {
			isa = PBXProject;
			attributes = {
				LastUpgradeCheck = 0430;
			};
			buildConfigurationList = 522320D515C21AEF005665B4 /* Build configuration list for PBXProject "helios" */;
			compatibilityVersion = "Xcode 3.2";
			developmentRegion = English;
			hasScannedForEncodings = 0;
			knownRegions = (
				en,
			);
			mainGroup = 522320D015C21AEF005665B4;
			productRefGroup = 522320DC15C21AEF005665B4 /* Products */;
			projectDirPath = "";
			projectRoot = "";
			targets = (
				522320DA15C21AEF005665B4 /* helios */,
			);
		};
/* End PBXProject section */

/* Begin PBXResourcesBuildPhase section */
		522320D915C21AEF005665B4 /* Resources */ = {
			isa = PBXResourcesBuildPhase;
			buildActionMask = 2147483647;
			files = (
				522320EA15C21AEF005665B4 /* InfoPlist.strings in Resources */,
				522320F315C21AEF005665B4 /* MainStoryboard.storyboard in Resources */,
			);
			runOnlyForDeploymentPostprocessing = 0;
		};
/* End PBXResourcesBuildPhase section */

/* Begin PBXSourcesBuildPhase section */
		522320D715C21AEF005665B4 /* Sources */ = {
			isa = PBXSourcesBuildPhase;
			buildActionMask = 2147483647;
			files = (
				522320EC15C21AEF005665B4 /* main.m in Sources */,
				522320F015C21AEF005665B4 /* AppDelegate.m in Sources */,
				522320F615C21AEF005665B4 /* MasterViewController.m in Sources */,
				522320F915C21AEF005665B4 /* DetailViewController.m in Sources */,
			);
			runOnlyForDeploymentPostprocessing = 0;
		};
/* End PBXSourcesBuildPhase section */

/* Begin PBXVariantGroup section */
		522320E815C21AEF005665B4 /* InfoPlist.strings */ = {
			isa = PBXVariantGroup;
			children = (
				522320E915C21AEF005665B4 /* en */,
			);
			name = InfoPlist.strings;
			sourceTree = "<group>";
		};
		522320F115C21AEF005665B4 /* MainStoryboard.storyboard */ = {
			isa = PBXVariantGroup;
			children = (
				522320F215C21AEF005665B4 /* en */,
			);
			name = MainStoryboard.storyboard;
			sourceTree = "<group>";
		};
/* End PBXVariantGroup section */

/* Begin XCBuildConfiguration section */
		522320FA15C21AEF005665B4 /* Debug */ = {
			isa = XCBuildConfiguration;
			buildSettings = {
				ALWAYS_SEARCH_USER_PATHS = NO;
				ARCHS = "$(ARCHS_STANDARD_32_BIT)";
				CLANG_ENABLE_OBJC_ARC = YES;
				"CODE_SIGN_IDENTITY[sdk=iphoneos*]" = "iPhone Developer";
				COPY_PHASE_STRIP = NO;
				GCC_C_LANGUAGE_STANDARD = gnu99;
				GCC_DYNAMIC_NO_PIC = NO;
				GCC_OPTIMIZATION_LEVEL = 0;
				GCC_PREPROCESSOR_DEFINITIONS = (
					"DEBUG=1",
					"$(inherited)",
				);
				GCC_SYMBOLS_PRIVATE_EXTERN = NO;
				GCC_VERSION = com.apple.compilers.llvm.clang.1_0;
				GCC_WARN_ABOUT_RETURN_TYPE = YES;
				GCC_WARN_UNINITIALIZED_AUTOS = YES;
				GCC_WARN_UNUSED_VARIABLE = YES;
				IPHONEOS_DEPLOYMENT_TARGET = 5.1;
				SDKROOT = iphoneos;
				TARGETED_DEVICE_FAMILY = 2;
			};
			name = Debug;
		};
		522320FB15C21AEF005665B4 /* Release */ = {
			isa = XCBuildConfiguration;
			buildSettings = {
				ALWAYS_SEARCH_USER_PATHS = NO;
				ARCHS = "$(ARCHS_STANDARD_32_BIT)";
				CLANG_ENABLE_OBJC_ARC = YES;
				"CODE_SIGN_IDENTITY[sdk=iphoneos*]" = "iPhone Developer";
				COPY_PHASE_STRIP = YES;
				GCC_C_LANGUAGE_STANDARD = gnu99;
				GCC_VERSION = com.apple.compilers.llvm.clang.1_0;
				GCC_WARN_ABOUT_RETURN_TYPE = YES;
				GCC_WARN_UNINITIALIZED_AUTOS = YES;
				GCC_WARN_UNUSED_VARIABLE = YES;
				IPHONEOS_DEPLOYMENT_TARGET = 5.1;
				OTHER_CFLAGS = "-DNS_BLOCK_ASSERTIONS=1";
				SDKROOT = iphoneos;
				TARGETED_DEVICE_FAMILY = 2;
				VALIDATE_PRODUCT = YES;
			};
			name = Release;
		};
		522320FD15C21AEF005665B4 /* Debug */ = {
			isa = XCBuildConfiguration;
			buildSettings = {
				GCC_PRECOMPILE_PREFIX_HEADER = YES;
				GCC_PREFIX_HEADER = "helios/helios-Prefix.pch";
				INFOPLIST_FILE = "helios/helios-Info.plist";
				PRODUCT_NAME = "$(TARGET_NAME)";
				WRAPPER_EXTENSION = app;
			};
			name = Debug;
		};
		522320FE15C21AEF005665B4 /* Release */ = {
			isa = XCBuildConfiguration;
			buildSettings = {
				GCC_PRECOMPILE_PREFIX_HEADER = YES;
				GCC_PREFIX_HEADER = "helios/helios-Prefix.pch";
				INFOPLIST_FILE = "helios/helios-Info.plist";
				PRODUCT_NAME = "$(TARGET_NAME)";
				WRAPPER_EXTENSION = app;
			};
			name = Release;
		};
/* End XCBuildConfiguration section */

/* Begin XCConfigurationList section */
		522320D515C21AEF005665B4 /* Build configuration list for PBXProject "helios" */ = {
			isa = XCConfigurationList;
			buildConfigurations = (
				522320FA15C21AEF005665B4 /* Debug */,
				522320FB15C21AEF005665B4 /* Release */,
			);
			defaultConfigurationIsVisible = 0;
			defaultConfigurationName = Release;
		};
		522320FC15C21AEF005665B4 /* Build configuration list for PBXNativeTarget "helios" */ = {
			isa = XCConfigurationList;
			buildConfigurations = (
				522320FD15C21AEF005665B4 /* Debug */,
				522320FE15C21AEF005665B4 /* Release */,
			);
			defaultConfigurationIsVisible = 0;
		};
/* End XCConfigurationList section */
	};
	rootObject = 522320D215C21AEF005665B4 /* Project object */;
}
